{
  "object": {
    "pins": [
      {
        "package": "AcknowList",
        "repositoryURL": "https://github.com/vtourraine/AcknowList.git",
        "state": {
          "branch": null,
          "revision": "e66b9541c1902ced4979b3c214a5def2cf96f015",
          "version": "2.1.0"
        }
      },
      {
        "package": "SVProgressHUD",
        "repositoryURL": "https://github.com/epitonium/SVProgressHUD.git",
        "state": {
          "branch": null,
          "revision": "3580cb55f351d83f861f52362aa38305f663f88d",
          "version": "1.0.0"
        }
      }
    ]
  },
  "version": 1
}
